// !$*UTF8*$!
{
	archiveVersion = 1;
	classes = {
	};
	objectVersion = 77;
	objects = {

/* Begin PBXBuildFile section */
		2F169CA62CE44A8B00A60E76 /* FirebaseAppCheck in Frameworks */ = {isa = PBXBuildFile; productRef = 2F169CA52CE44A8B00A60E76 /* FirebaseAppCheck */; };
		2F169CA82CE44A8B00A60E76 /* FirebaseAppDistribution-Beta in Frameworks */ = {isa = PBXBuildFile; productRef = 2F169CA72CE44A8B00A60E76 /* FirebaseAppDistribution-Beta */; };
		2F2733B02CF4310400B4A4F3 /* FLAnimatedImage in Frameworks */ = {isa = PBXBuildFile; productRef = 2F2733AF2CF4310400B4A4F3 /* FLAnimatedImage */; };
		2F2733B32CF4317800B4A4F3 /* SDWebImageSwiftUI in Frameworks */ = {isa = PBXBuildFile; productRef = 2F2733B22CF4317800B4A4F3 /* SDWebImageSwiftUI */; };
		2F2733B52CF4846F00B4A4F3 /* CoinSFX.mp3 in Resources */ = {isa = PBXBuildFile; fileRef = 2F2733B42CF4846F00B4A4F3 /* CoinSFX.mp3 */; };
		2FF8D86E2CED6775006E8674 /* AuthenticationServices.framework in Frameworks */ = {isa = PBXBuildFile; fileRef = 2FF8D86D2CED6775006E8674 /* AuthenticationServices.framework */; };
		2FF8D8702CED72BF006E8674 /* FirebaseAnalyticsWithoutAdIdSupport in Frameworks */ = {isa = PBXBuildFile; productRef = 2FF8D86F2CED72BF006E8674 /* FirebaseAnalyticsWithoutAdIdSupport */; };
		2FF8D8722CED72D6006E8674 /* FirebaseAuth in Frameworks */ = {isa = PBXBuildFile; productRef = 2FF8D8712CED72D6006E8674 /* FirebaseAuth */; };
		2FF8D8782CED730A006E8674 /* FirebaseAnalytics in Frameworks */ = {isa = PBXBuildFile; productRef = 2FF8D8772CED730A006E8674 /* FirebaseAnalytics */; };
		2FF8D87A2CED730A006E8674 /* FirebaseAnalyticsOnDeviceConversion in Frameworks */ = {isa = PBXBuildFile; productRef = 2FF8D8792CED730A006E8674 /* FirebaseAnalyticsOnDeviceConversion */; };
		2FF8D87C2CED730A006E8674 /* FirebaseAuthCombine-Community in Frameworks */ = {isa = PBXBuildFile; productRef = 2FF8D87B2CED730A006E8674 /* FirebaseAuthCombine-Community */; };
		2FF8D87E2CED730A006E8674 /* FirebaseCore in Frameworks */ = {isa = PBXBuildFile; productRef = 2FF8D87D2CED730A006E8674 /* FirebaseCore */; };
		2FF8D8802CED730A006E8674 /* FirebaseCrashlytics in Frameworks */ = {isa = PBXBuildFile; productRef = 2FF8D87F2CED730A006E8674 /* FirebaseCrashlytics */; };
		2FF8D8822CED730A006E8674 /* FirebaseDatabase in Frameworks */ = {isa = PBXBuildFile; productRef = 2FF8D8812CED730A006E8674 /* FirebaseDatabase */; };
		2FF8D8842CED730A006E8674 /* FirebaseDynamicLinks in Frameworks */ = {isa = PBXBuildFile; productRef = 2FF8D8832CED730A006E8674 /* FirebaseDynamicLinks */; };
		2FF8D8862CED730A006E8674 /* FirebaseFirestore in Frameworks */ = {isa = PBXBuildFile; productRef = 2FF8D8852CED730A006E8674 /* FirebaseFirestore */; };
		2FF8D8882CED730A006E8674 /* FirebaseFirestoreCombine-Community in Frameworks */ = {isa = PBXBuildFile; productRef = 2FF8D8872CED730A006E8674 /* FirebaseFirestoreCombine-Community */; };
		2FF8D88A2CED730A006E8674 /* FirebaseFunctions in Frameworks */ = {isa = PBXBuildFile; productRef = 2FF8D8892CED730A006E8674 /* FirebaseFunctions */; };
		2FF8D88C2CED730A006E8674 /* FirebaseFunctionsCombine-Community in Frameworks */ = {isa = PBXBuildFile; productRef = 2FF8D88B2CED730A006E8674 /* FirebaseFunctionsCombine-Community */; };
		2FF8D88E2CED730A006E8674 /* FirebaseInAppMessaging-Beta in Frameworks */ = {isa = PBXBuildFile; productRef = 2FF8D88D2CED730A006E8674 /* FirebaseInAppMessaging-Beta */; };
		2FF8D8902CED730A006E8674 /* FirebaseInstallations in Frameworks */ = {isa = PBXBuildFile; productRef = 2FF8D88F2CED730A006E8674 /* FirebaseInstallations */; };
		2FF8D8922CED730A006E8674 /* FirebaseMessaging in Frameworks */ = {isa = PBXBuildFile; productRef = 2FF8D8912CED730A006E8674 /* FirebaseMessaging */; };
		2FF8D8942CED730A006E8674 /* FirebaseMLModelDownloader in Frameworks */ = {isa = PBXBuildFile; productRef = 2FF8D8932CED730A006E8674 /* FirebaseMLModelDownloader */; };
		2FF8D8962CED730A006E8674 /* FirebasePerformance in Frameworks */ = {isa = PBXBuildFile; productRef = 2FF8D8952CED730A006E8674 /* FirebasePerformance */; };
		2FF8D8982CED730A006E8674 /* FirebaseRemoteConfig in Frameworks */ = {isa = PBXBuildFile; productRef = 2FF8D8972CED730A006E8674 /* FirebaseRemoteConfig */; };
		2FF8D89A2CED730A006E8674 /* FirebaseStorage in Frameworks */ = {isa = PBXBuildFile; productRef = 2FF8D8992CED730A006E8674 /* FirebaseStorage */; };
		2FF8D89C2CED730A006E8674 /* FirebaseStorageCombine-Community in Frameworks */ = {isa = PBXBuildFile; productRef = 2FF8D89B2CED730A006E8674 /* FirebaseStorageCombine-Community */; };
		2FF8D89E2CED730A006E8674 /* FirebaseVertexAI in Frameworks */ = {isa = PBXBuildFile; productRef = 2FF8D89D2CED730A006E8674 /* FirebaseVertexAI */; };
/* End PBXBuildFile section */

/* Begin PBXContainerItemProxy section */
		2F169C7D2CE4393A00A60E76 /* PBXContainerItemProxy */ = {
			isa = PBXContainerItemProxy;
			containerPortal = 2F169C602CE4393700A60E76 /* Project object */;
			proxyType = 1;
			remoteGlobalIDString = 2F169C672CE4393700A60E76;
			remoteInfo = FocusBank;
		};
		2F169C872CE4393A00A60E76 /* PBXContainerItemProxy */ = {
			isa = PBXContainerItemProxy;
			containerPortal = 2F169C602CE4393700A60E76 /* Project object */;
			proxyType = 1;
			remoteGlobalIDString = 2F169C672CE4393700A60E76;
			remoteInfo = FocusBank;
		};
/* End PBXContainerItemProxy section */

/* Begin PBXFileReference section */
		2F169C682CE4393700A60E76 /* FocusBank.app */ = {isa = PBXFileReference; explicitFileType = wrapper.application; includeInIndex = 0; path = FocusBank.app; sourceTree = BUILT_PRODUCTS_DIR; };
		2F169C7C2CE4393A00A60E76 /* FocusBankTests.xctest */ = {isa = PBXFileReference; explicitFileType = wrapper.cfbundle; includeInIndex = 0; path = FocusBankTests.xctest; sourceTree = BUILT_PRODUCTS_DIR; };
		2F169C862CE4393A00A60E76 /* FocusBankUITests.xctest */ = {isa = PBXFileReference; explicitFileType = wrapper.cfbundle; includeInIndex = 0; path = FocusBankUITests.xctest; sourceTree = BUILT_PRODUCTS_DIR; };
		2F2733B42CF4846F00B4A4F3 /* CoinSFX.mp3 */ = {isa = PBXFileReference; lastKnownFileType = audio.mp3; path = CoinSFX.mp3; sourceTree = "<group>"; };
		2FF8D86D2CED6775006E8674 /* AuthenticationServices.framework */ = {isa = PBXFileReference; lastKnownFileType = wrapper.framework; name = AuthenticationServices.framework; path = Platforms/iPhoneOS.platform/Developer/SDKs/iPhoneOS18.1.sdk/System/Library/Frameworks/AuthenticationServices.framework; sourceTree = DEVELOPER_DIR; };
/* End PBXFileReference section */

/* Begin PBXFileSystemSynchronizedBuildFileExceptionSet section */
		2F169C8E2CE4393A00A60E76 /* Exceptions for "FocusBank" folder in "FocusBank" target */ = {
			isa = PBXFileSystemSynchronizedBuildFileExceptionSet;
			membershipExceptions = (
				Info.plist,
			);
			target = 2F169C672CE4393700A60E76 /* FocusBank */;
		};
/* End PBXFileSystemSynchronizedBuildFileExceptionSet section */

/* Begin PBXFileSystemSynchronizedRootGroup section */
		2F169C6A2CE4393700A60E76 /* FocusBank */ = {
			isa = PBXFileSystemSynchronizedRootGroup;
			exceptions = (
				2F169C8E2CE4393A00A60E76 /* Exceptions for "FocusBank" folder in "FocusBank" target */,
			);
			path = FocusBank;
			sourceTree = "<group>";
		};
		2F169C7F2CE4393A00A60E76 /* FocusBankTests */ = {
			isa = PBXFileSystemSynchronizedRootGroup;
			path = FocusBankTests;
			sourceTree = "<group>";
		};
		2F169C892CE4393A00A60E76 /* FocusBankUITests */ = {
			isa = PBXFileSystemSynchronizedRootGroup;
			path = FocusBankUITests;
			sourceTree = "<group>";
		};
/* End PBXFileSystemSynchronizedRootGroup section */

/* Begin PBXFrameworksBuildPhase section */
		2F169C652CE4393700A60E76 /* Frameworks */ = {
			isa = PBXFrameworksBuildPhase;
			buildActionMask = 2147483647;
			files = (
				2FF8D8702CED72BF006E8674 /* FirebaseAnalyticsWithoutAdIdSupport in Frameworks */,
				2FF8D8862CED730A006E8674 /* FirebaseFirestore in Frameworks */,
				2FF8D86E2CED6775006E8674 /* AuthenticationServices.framework in Frameworks */,
				2F2733B32CF4317800B4A4F3 /* SDWebImageSwiftUI in Frameworks */,
				2FF8D8902CED730A006E8674 /* FirebaseInstallations in Frameworks */,
				2FF8D8782CED730A006E8674 /* FirebaseAnalytics in Frameworks */,
				2F2733B02CF4310400B4A4F3 /* FLAnimatedImage in Frameworks */,
				2FF8D87A2CED730A006E8674 /* FirebaseAnalyticsOnDeviceConversion in Frameworks */,
				2FF8D88E2CED730A006E8674 /* FirebaseInAppMessaging-Beta in Frameworks */,
				2FF8D8942CED730A006E8674 /* FirebaseMLModelDownloader in Frameworks */,
				2F169CA62CE44A8B00A60E76 /* FirebaseAppCheck in Frameworks */,
				2FF8D8922CED730A006E8674 /* FirebaseMessaging in Frameworks */,
				2FF8D89C2CED730A006E8674 /* FirebaseStorageCombine-Community in Frameworks */,
				2FF8D8722CED72D6006E8674 /* FirebaseAuth in Frameworks */,
				2FF8D89E2CED730A006E8674 /* FirebaseVertexAI in Frameworks */,
				2FF8D89A2CED730A006E8674 /* FirebaseStorage in Frameworks */,
				2FF8D8982CED730A006E8674 /* FirebaseRemoteConfig in Frameworks */,
				2FF8D88C2CED730A006E8674 /* FirebaseFunctionsCombine-Community in Frameworks */,
				2F169CA82CE44A8B00A60E76 /* FirebaseAppDistribution-Beta in Frameworks */,
				2FF8D8802CED730A006E8674 /* FirebaseCrashlytics in Frameworks */,
				2FF8D8962CED730A006E8674 /* FirebasePerformance in Frameworks */,
				2FF8D8822CED730A006E8674 /* FirebaseDatabase in Frameworks */,
				2FF8D87E2CED730A006E8674 /* FirebaseCore in Frameworks */,
				2FF8D87C2CED730A006E8674 /* FirebaseAuthCombine-Community in Frameworks */,
				2FF8D88A2CED730A006E8674 /* FirebaseFunctions in Frameworks */,
				2FF8D8842CED730A006E8674 /* FirebaseDynamicLinks in Frameworks */,
				2FF8D8882CED730A006E8674 /* FirebaseFirestoreCombine-Community in Frameworks */,
			);
			runOnlyForDeploymentPostprocessing = 0;
		};
		2F169C792CE4393A00A60E76 /* Frameworks */ = {
			isa = PBXFrameworksBuildPhase;
			buildActionMask = 2147483647;
			files = (
			);
			runOnlyForDeploymentPostprocessing = 0;
		};
		2F169C832CE4393A00A60E76 /* Frameworks */ = {
			isa = PBXFrameworksBuildPhase;
			buildActionMask = 2147483647;
			files = (
			);
			runOnlyForDeploymentPostprocessing = 0;
		};
/* End PBXFrameworksBuildPhase section */

/* Begin PBXGroup section */
		2F169C5F2CE4393700A60E76 = {
			isa = PBXGroup;
			children = (
				2F2733B42CF4846F00B4A4F3 /* CoinSFX.mp3 */,
				2F169C6A2CE4393700A60E76 /* FocusBank */,
				2F169C7F2CE4393A00A60E76 /* FocusBankTests */,
				2F169C892CE4393A00A60E76 /* FocusBankUITests */,
				2FF8D86C2CED6774006E8674 /* Frameworks */,
				2F169C692CE4393700A60E76 /* Products */,
			);
			sourceTree = "<group>";
		};
		2F169C692CE4393700A60E76 /* Products */ = {
			isa = PBXGroup;
			children = (
				2F169C682CE4393700A60E76 /* FocusBank.app */,
				2F169C7C2CE4393A00A60E76 /* FocusBankTests.xctest */,
				2F169C862CE4393A00A60E76 /* FocusBankUITests.xctest */,
			);
			name = Products;
			sourceTree = "<group>";
		};
		2FF8D86C2CED6774006E8674 /* Frameworks */ = {
			isa = PBXGroup;
			children = (
				2FF8D86D2CED6775006E8674 /* AuthenticationServices.framework */,
			);
			name = Frameworks;
			sourceTree = "<group>";
		};
/* End PBXGroup section */

/* Begin PBXNativeTarget section */
		2F169C672CE4393700A60E76 /* FocusBank */ = {
			isa = PBXNativeTarget;
			buildConfigurationList = 2F169C8F2CE4393B00A60E76 /* Build configuration list for PBXNativeTarget "FocusBank" */;
			buildPhases = (
				2F169C642CE4393700A60E76 /* Sources */,
				2F169C652CE4393700A60E76 /* Frameworks */,
				2F169C662CE4393700A60E76 /* Resources */,
			);
			buildRules = (
			);
			dependencies = (
			);
			fileSystemSynchronizedGroups = (
				2F169C6A2CE4393700A60E76 /* FocusBank */,
			);
			name = FocusBank;
			packageProductDependencies = (
				2F169CA52CE44A8B00A60E76 /* FirebaseAppCheck */,
				2F169CA72CE44A8B00A60E76 /* FirebaseAppDistribution-Beta */,
				2FF8D86F2CED72BF006E8674 /* FirebaseAnalyticsWithoutAdIdSupport */,
				2FF8D8712CED72D6006E8674 /* FirebaseAuth */,
				2FF8D8772CED730A006E8674 /* FirebaseAnalytics */,
				2FF8D8792CED730A006E8674 /* FirebaseAnalyticsOnDeviceConversion */,
				2FF8D87B2CED730A006E8674 /* FirebaseAuthCombine-Community */,
				2FF8D87D2CED730A006E8674 /* FirebaseCore */,
				2FF8D87F2CED730A006E8674 /* FirebaseCrashlytics */,
				2FF8D8812CED730A006E8674 /* FirebaseDatabase */,
				2FF8D8832CED730A006E8674 /* FirebaseDynamicLinks */,
				2FF8D8852CED730A006E8674 /* FirebaseFirestore */,
				2FF8D8872CED730A006E8674 /* FirebaseFirestoreCombine-Community */,
				2FF8D8892CED730A006E8674 /* FirebaseFunctions */,
				2FF8D88B2CED730A006E8674 /* FirebaseFunctionsCombine-Community */,
				2FF8D88D2CED730A006E8674 /* FirebaseInAppMessaging-Beta */,
				2FF8D88F2CED730A006E8674 /* FirebaseInstallations */,
				2FF8D8912CED730A006E8674 /* FirebaseMessaging */,
				2FF8D8932CED730A006E8674 /* FirebaseMLModelDownloader */,
				2FF8D8952CED730A006E8674 /* FirebasePerformance */,
				2FF8D8972CED730A006E8674 /* FirebaseRemoteConfig */,
				2FF8D8992CED730A006E8674 /* FirebaseStorage */,
				2FF8D89B2CED730A006E8674 /* FirebaseStorageCombine-Community */,
				2FF8D89D2CED730A006E8674 /* FirebaseVertexAI */,
				2F2733AF2CF4310400B4A4F3 /* FLAnimatedImage */,
				2F2733B22CF4317800B4A4F3 /* SDWebImageSwiftUI */,
			);
			productName = FocusBank;
			productReference = 2F169C682CE4393700A60E76 /* FocusBank.app */;
			productType = "com.apple.product-type.application";
		};
		2F169C7B2CE4393A00A60E76 /* FocusBankTests */ = {
			isa = PBXNativeTarget;
			buildConfigurationList = 2F169C942CE4393B00A60E76 /* Build configuration list for PBXNativeTarget "FocusBankTests" */;
			buildPhases = (
				2F169C782CE4393A00A60E76 /* Sources */,
				2F169C792CE4393A00A60E76 /* Frameworks */,
				2F169C7A2CE4393A00A60E76 /* Resources */,
			);
			buildRules = (
			);
			dependencies = (
				2F169C7E2CE4393A00A60E76 /* PBXTargetDependency */,
			);
			fileSystemSynchronizedGroups = (
				2F169C7F2CE4393A00A60E76 /* FocusBankTests */,
			);
			name = FocusBankTests;
			packageProductDependencies = (
			);
			productName = FocusBankTests;
			productReference = 2F169C7C2CE4393A00A60E76 /* FocusBankTests.xctest */;
			productType = "com.apple.product-type.bundle.unit-test";
		};
		2F169C852CE4393A00A60E76 /* FocusBankUITests */ = {
			isa = PBXNativeTarget;
			buildConfigurationList = 2F169C972CE4393B00A60E76 /* Build configuration list for PBXNativeTarget "FocusBankUITests" */;
			buildPhases = (
				2F169C822CE4393A00A60E76 /* Sources */,
				2F169C832CE4393A00A60E76 /* Frameworks */,
				2F169C842CE4393A00A60E76 /* Resources */,
			);
			buildRules = (
			);
			dependencies = (
				2F169C882CE4393A00A60E76 /* PBXTargetDependency */,
			);
			fileSystemSynchronizedGroups = (
				2F169C892CE4393A00A60E76 /* FocusBankUITests */,
			);
			name = FocusBankUITests;
			packageProductDependencies = (
			);
			productName = FocusBankUITests;
			productReference = 2F169C862CE4393A00A60E76 /* FocusBankUITests.xctest */;
			productType = "com.apple.product-type.bundle.ui-testing";
		};
/* End PBXNativeTarget section */

/* Begin PBXProject section */
		2F169C602CE4393700A60E76 /* Project object */ = {
			isa = PBXProject;
			attributes = {
				BuildIndependentTargetsInParallel = 1;
				LastSwiftUpdateCheck = 1610;
				LastUpgradeCheck = 1610;
				TargetAttributes = {
					2F169C672CE4393700A60E76 = {
						CreatedOnToolsVersion = 16.1;
					};
					2F169C7B2CE4393A00A60E76 = {
						CreatedOnToolsVersion = 16.1;
						TestTargetID = 2F169C672CE4393700A60E76;
					};
					2F169C852CE4393A00A60E76 = {
						CreatedOnToolsVersion = 16.1;
						TestTargetID = 2F169C672CE4393700A60E76;
					};
				};
			};
			buildConfigurationList = 2F169C632CE4393700A60E76 /* Build configuration list for PBXProject "FocusBank" */;
			developmentRegion = en;
			hasScannedForEncodings = 0;
			knownRegions = (
				en,
				Base,
			);
			mainGroup = 2F169C5F2CE4393700A60E76;
			minimizedProjectReferenceProxies = 1;
			packageReferences = (
				2F169CA02CE44A8B00A60E76 /* XCRemoteSwiftPackageReference "firebase-ios-sdk" */,
				2F2733AE2CF4310400B4A4F3 /* XCRemoteSwiftPackageReference "FLAnimatedImage" */,
				2F2733B12CF4317800B4A4F3 /* XCRemoteSwiftPackageReference "SDWebImageSwiftUI" */,
			);
			preferredProjectObjectVersion = 77;
			productRefGroup = 2F169C692CE4393700A60E76 /* Products */;
			projectDirPath = "";
			projectRoot = "";
			targets = (
				2F169C672CE4393700A60E76 /* FocusBank */,
				2F169C7B2CE4393A00A60E76 /* FocusBankTests */,
				2F169C852CE4393A00A60E76 /* FocusBankUITests */,
			);
		};
/* End PBXProject section */

/* Begin PBXResourcesBuildPhase section */
		2F169C662CE4393700A60E76 /* Resources */ = {
			isa = PBXResourcesBuildPhase;
			buildActionMask = 2147483647;
			files = (
				2F2733B52CF4846F00B4A4F3 /* CoinSFX.mp3 in Resources */,
			);
			runOnlyForDeploymentPostprocessing = 0;
		};
		2F169C7A2CE4393A00A60E76 /* Resources */ = {
			isa = PBXResourcesBuildPhase;
			buildActionMask = 2147483647;
			files = (
			);
			runOnlyForDeploymentPostprocessing = 0;
		};
		2F169C842CE4393A00A60E76 /* Resources */ = {
			isa = PBXResourcesBuildPhase;
			buildActionMask = 2147483647;
			files = (
			);
			runOnlyForDeploymentPostprocessing = 0;
		};
/* End PBXResourcesBuildPhase section */

/* Begin PBXSourcesBuildPhase section */
		2F169C642CE4393700A60E76 /* Sources */ = {
			isa = PBXSourcesBuildPhase;
			buildActionMask = 2147483647;
			files = (
			);
			runOnlyForDeploymentPostprocessing = 0;
		};
		2F169C782CE4393A00A60E76 /* Sources */ = {
			isa = PBXSourcesBuildPhase;
			buildActionMask = 2147483647;
			files = (
			);
			runOnlyForDeploymentPostprocessing = 0;
		};
		2F169C822CE4393A00A60E76 /* Sources */ = {
			isa = PBXSourcesBuildPhase;
			buildActionMask = 2147483647;
			files = (
			);
			runOnlyForDeploymentPostprocessing = 0;
		};
/* End PBXSourcesBuildPhase section */

/* Begin PBXTargetDependency section */
		2F169C7E2CE4393A00A60E76 /* PBXTargetDependency */ = {
			isa = PBXTargetDependency;
			target = 2F169C672CE4393700A60E76 /* FocusBank */;
			targetProxy = 2F169C7D2CE4393A00A60E76 /* PBXContainerItemProxy */;
		};
		2F169C882CE4393A00A60E76 /* PBXTargetDependency */ = {
			isa = PBXTargetDependency;
			target = 2F169C672CE4393700A60E76 /* FocusBank */;
			targetProxy = 2F169C872CE4393A00A60E76 /* PBXContainerItemProxy */;
		};
/* End PBXTargetDependency section */

/* Begin XCBuildConfiguration section */
		2F169C902CE4393B00A60E76 /* Debug */ = {
			isa = XCBuildConfiguration;
			buildSettings = {
				ASSETCATALOG_COMPILER_APPICON_NAME = AppIcon;
				ASSETCATALOG_COMPILER_GLOBAL_ACCENT_COLOR_NAME = AccentColor;
				CODE_SIGN_ENTITLEMENTS = FocusBank/FocusBank.entitlements;
				CODE_SIGN_STYLE = Automatic;
				CURRENT_PROJECT_VERSION = 1;
				DEVELOPMENT_ASSET_PATHS = "\"FocusBank/Preview Content\"";
				DEVELOPMENT_TEAM = 72ZN9NBLSX;
				ENABLE_HARDENED_RUNTIME = YES;
				ENABLE_PREVIEWS = YES;
				GENERATE_INFOPLIST_FILE = YES;
				INFOPLIST_FILE = FocusBank/Info.plist;
				"INFOPLIST_KEY_UIApplicationSceneManifest_Generation[sdk=iphoneos*]" = YES;
				"INFOPLIST_KEY_UIApplicationSceneManifest_Generation[sdk=iphonesimulator*]" = YES;
				"INFOPLIST_KEY_UIApplicationSupportsIndirectInputEvents[sdk=iphoneos*]" = YES;
				"INFOPLIST_KEY_UIApplicationSupportsIndirectInputEvents[sdk=iphonesimulator*]" = YES;
				"INFOPLIST_KEY_UILaunchScreen_Generation[sdk=iphoneos*]" = YES;
				"INFOPLIST_KEY_UILaunchScreen_Generation[sdk=iphonesimulator*]" = YES;
				"INFOPLIST_KEY_UIStatusBarStyle[sdk=iphoneos*]" = UIStatusBarStyleDefault;
				"INFOPLIST_KEY_UIStatusBarStyle[sdk=iphonesimulator*]" = UIStatusBarStyleDefault;
				INFOPLIST_KEY_UISupportedInterfaceOrientations = UIInterfaceOrientationPortrait;
				INFOPLIST_KEY_UISupportedInterfaceOrientations_iPad = "UIInterfaceOrientationPortrait UIInterfaceOrientationPortraitUpsideDown";
				IPHONEOS_DEPLOYMENT_TARGET = 18.0;
				LD_RUNPATH_SEARCH_PATHS = "@executable_path/Frameworks";
				"LD_RUNPATH_SEARCH_PATHS[sdk=macosx*]" = "@executable_path/../Frameworks";
				MACOSX_DEPLOYMENT_TARGET = 14.0;
				MARKETING_VERSION = 1.0;
				PRODUCT_BUNDLE_IDENTIFIER = ywu.FocusBank;
				PRODUCT_NAME = "$(TARGET_NAME)";
				SDKROOT = auto;
				SUPPORTED_PLATFORMS = "iphoneos iphonesimulator macosx xros xrsimulator";
				SWIFT_EMIT_LOC_STRINGS = YES;
				SWIFT_VERSION = 5.0;
				TARGETED_DEVICE_FAMILY = "1,2,7";
				XROS_DEPLOYMENT_TARGET = 2.1;
			};
			name = Debug;
		};
		2F169C912CE4393B00A60E76 /* Release */ = {
			isa = XCBuildConfiguration;
			buildSettings = {
				ASSETCATALOG_COMPILER_APPICON_NAME = AppIcon;
				ASSETCATALOG_COMPILER_GLOBAL_ACCENT_COLOR_NAME = AccentColor;
				CODE_SIGN_ENTITLEMENTS = FocusBank/FocusBank.entitlements;
				CODE_SIGN_STYLE = Automatic;
				CURRENT_PROJECT_VERSION = 1;
				DEVELOPMENT_ASSET_PATHS = "\"FocusBank/Preview Content\"";
				DEVELOPMENT_TEAM = 72ZN9NBLSX;
				ENABLE_HARDENED_RUNTIME = YES;
				ENABLE_PREVIEWS = YES;
				GENERATE_INFOPLIST_FILE = YES;
				INFOPLIST_FILE = FocusBank/Info.plist;
				"INFOPLIST_KEY_UIApplicationSceneManifest_Generation[sdk=iphoneos*]" = YES;
				"INFOPLIST_KEY_UIApplicationSceneManifest_Generation[sdk=iphonesimulator*]" = YES;
				"INFOPLIST_KEY_UIApplicationSupportsIndirectInputEvents[sdk=iphoneos*]" = YES;
				"INFOPLIST_KEY_UIApplicationSupportsIndirectInputEvents[sdk=iphonesimulator*]" = YES;
				"INFOPLIST_KEY_UILaunchScreen_Generation[sdk=iphoneos*]" = YES;
				"INFOPLIST_KEY_UILaunchScreen_Generation[sdk=iphonesimulator*]" = YES;
				"INFOPLIST_KEY_UIStatusBarStyle[sdk=iphoneos*]" = UIStatusBarStyleDefault;
				"INFOPLIST_KEY_UIStatusBarStyle[sdk=iphonesimulator*]" = UIStatusBarStyleDefault;
				INFOPLIST_KEY_UISupportedInterfaceOrientations = UIInterfaceOrientationPortrait;
				INFOPLIST_KEY_UISupportedInterfaceOrientations_iPad = "UIInterfaceOrientationPortrait UIInterfaceOrientationPortraitUpsideDown";
				IPHONEOS_DEPLOYMENT_TARGET = 18.0;
				LD_RUNPATH_SEARCH_PATHS = "@executable_path/Frameworks";
				"LD_RUNPATH_SEARCH_PATHS[sdk=macosx*]" = "@executable_path/../Frameworks";
				MACOSX_DEPLOYMENT_TARGET = 14.0;
				MARKETING_VERSION = 1.0;
				PRODUCT_BUNDLE_IDENTIFIER = ywu.FocusBank;
				PRODUCT_NAME = "$(TARGET_NAME)";
				SDKROOT = auto;
				SUPPORTED_PLATFORMS = "iphoneos iphonesimulator macosx xros xrsimulator";
				SWIFT_EMIT_LOC_STRINGS = YES;
				SWIFT_VERSION = 5.0;
				TARGETED_DEVICE_FAMILY = "1,2,7";
				XROS_DEPLOYMENT_TARGET = 2.1;
			};
			name = Release;
		};
		2F169C922CE4393B00A60E76 /* Debug */ = {
			isa = XCBuildConfiguration;
			buildSettings = {
				ALWAYS_SEARCH_USER_PATHS = NO;
				ASSETCATALOG_COMPILER_GENERATE_SWIFT_ASSET_SYMBOL_EXTENSIONS = YES;
				CLANG_ANALYZER_NONNULL = YES;
				CLANG_ANALYZER_NUMBER_OBJECT_CONVERSION = YES_AGGRESSIVE;
				CLANG_CXX_LANGUAGE_STANDARD = "gnu++20";
				CLANG_ENABLE_MODULES = YES;
				CLANG_ENABLE_OBJC_ARC = YES;
				CLANG_ENABLE_OBJC_WEAK = YES;
				CLANG_WARN_BLOCK_CAPTURE_AUTORELEASING = YES;
				CLANG_WARN_BOOL_CONVERSION = YES;
				CLANG_WARN_COMMA = YES;
				CLANG_WARN_CONSTANT_CONVERSION = YES;
				CLANG_WARN_DEPRECATED_OBJC_IMPLEMENTATIONS = YES;
				CLANG_WARN_DIRECT_OBJC_ISA_USAGE = YES_ERROR;
				CLANG_WARN_DOCUMENTATION_COMMENTS = YES;
				CLANG_WARN_EMPTY_BODY = YES;
				CLANG_WARN_ENUM_CONVERSION = YES;
				CLANG_WARN_INFINITE_RECURSION = YES;
				CLANG_WARN_INT_CONVERSION = YES;
				CLANG_WARN_NON_LITERAL_NULL_CONVERSION = YES;
				CLANG_WARN_OBJC_IMPLICIT_RETAIN_SELF = YES;
				CLANG_WARN_OBJC_LITERAL_CONVERSION = YES;
				CLANG_WARN_OBJC_ROOT_CLASS = YES_ERROR;
				CLANG_WARN_QUOTED_INCLUDE_IN_FRAMEWORK_HEADER = YES;
				CLANG_WARN_RANGE_LOOP_ANALYSIS = YES;
				CLANG_WARN_STRICT_PROTOTYPES = YES;
				CLANG_WARN_SUSPICIOUS_MOVE = YES;
				CLANG_WARN_UNGUARDED_AVAILABILITY = YES_AGGRESSIVE;
				CLANG_WARN_UNREACHABLE_CODE = YES;
				CLANG_WARN__DUPLICATE_METHOD_MATCH = YES;
				COPY_PHASE_STRIP = NO;
				DEBUG_INFORMATION_FORMAT = dwarf;
				ENABLE_STRICT_OBJC_MSGSEND = YES;
				ENABLE_TESTABILITY = YES;
				ENABLE_USER_SCRIPT_SANDBOXING = YES;
				GCC_C_LANGUAGE_STANDARD = gnu17;
				GCC_DYNAMIC_NO_PIC = NO;
				GCC_NO_COMMON_BLOCKS = YES;
				GCC_OPTIMIZATION_LEVEL = 0;
				GCC_PREPROCESSOR_DEFINITIONS = (
					"DEBUG=1",
					"$(inherited)",
				);
				GCC_WARN_64_TO_32_BIT_CONVERSION = YES;
				GCC_WARN_ABOUT_RETURN_TYPE = YES_ERROR;
				GCC_WARN_UNDECLARED_SELECTOR = YES;
				GCC_WARN_UNINITIALIZED_AUTOS = YES_AGGRESSIVE;
				GCC_WARN_UNUSED_FUNCTION = YES;
				GCC_WARN_UNUSED_VARIABLE = YES;
				LOCALIZATION_PREFERS_STRING_CATALOGS = YES;
				MTL_ENABLE_DEBUG_INFO = INCLUDE_SOURCE;
				MTL_FAST_MATH = YES;
				ONLY_ACTIVE_ARCH = YES;
				SWIFT_ACTIVE_COMPILATION_CONDITIONS = "DEBUG $(inherited)";
				SWIFT_OPTIMIZATION_LEVEL = "-Onone";
			};
			name = Debug;
		};
		2F169C932CE4393B00A60E76 /* Release */ = {
			isa = XCBuildConfiguration;
			buildSettings = {
				ALWAYS_SEARCH_USER_PATHS = NO;
				ASSETCATALOG_COMPILER_GENERATE_SWIFT_ASSET_SYMBOL_EXTENSIONS = YES;
				CLANG_ANALYZER_NONNULL = YES;
				CLANG_ANALYZER_NUMBER_OBJECT_CONVERSION = YES_AGGRESSIVE;
				CLANG_CXX_LANGUAGE_STANDARD = "gnu++20";
				CLANG_ENABLE_MODULES = YES;
				CLANG_ENABLE_OBJC_ARC = YES;
				CLANG_ENABLE_OBJC_WEAK = YES;
				CLANG_WARN_BLOCK_CAPTURE_AUTORELEASING = YES;
				CLANG_WARN_BOOL_CONVERSION = YES;
				CLANG_WARN_COMMA = YES;
				CLANG_WARN_CONSTANT_CONVERSION = YES;
				CLANG_WARN_DEPRECATED_OBJC_IMPLEMENTATIONS = YES;
				CLANG_WARN_DIRECT_OBJC_ISA_USAGE = YES_ERROR;
				CLANG_WARN_DOCUMENTATION_COMMENTS = YES;
				CLANG_WARN_EMPTY_BODY = YES;
				CLANG_WARN_ENUM_CONVERSION = YES;
				CLANG_WARN_INFINITE_RECURSION = YES;
				CLANG_WARN_INT_CONVERSION = YES;
				CLANG_WARN_NON_LITERAL_NULL_CONVERSION = YES;
				CLANG_WARN_OBJC_IMPLICIT_RETAIN_SELF = YES;
				CLANG_WARN_OBJC_LITERAL_CONVERSION = YES;
				CLANG_WARN_OBJC_ROOT_CLASS = YES_ERROR;
				CLANG_WARN_QUOTED_INCLUDE_IN_FRAMEWORK_HEADER = YES;
				CLANG_WARN_RANGE_LOOP_ANALYSIS = YES;
				CLANG_WARN_STRICT_PROTOTYPES = YES;
				CLANG_WARN_SUSPICIOUS_MOVE = YES;
				CLANG_WARN_UNGUARDED_AVAILABILITY = YES_AGGRESSIVE;
				CLANG_WARN_UNREACHABLE_CODE = YES;
				CLANG_WARN__DUPLICATE_METHOD_MATCH = YES;
				COPY_PHASE_STRIP = NO;
				DEBUG_INFORMATION_FORMAT = "dwarf-with-dsym";
				ENABLE_NS_ASSERTIONS = NO;
				ENABLE_STRICT_OBJC_MSGSEND = YES;
				ENABLE_USER_SCRIPT_SANDBOXING = YES;
				GCC_C_LANGUAGE_STANDARD = gnu17;
				GCC_NO_COMMON_BLOCKS = YES;
				GCC_WARN_64_TO_32_BIT_CONVERSION = YES;
				GCC_WARN_ABOUT_RETURN_TYPE = YES_ERROR;
				GCC_WARN_UNDECLARED_SELECTOR = YES;
				GCC_WARN_UNINITIALIZED_AUTOS = YES_AGGRESSIVE;
				GCC_WARN_UNUSED_FUNCTION = YES;
				GCC_WARN_UNUSED_VARIABLE = YES;
				LOCALIZATION_PREFERS_STRING_CATALOGS = YES;
				MTL_ENABLE_DEBUG_INFO = NO;
				MTL_FAST_MATH = YES;
				SWIFT_COMPILATION_MODE = wholemodule;
			};
			name = Release;
		};
		2F169C952CE4393B00A60E76 /* Debug */ = {
			isa = XCBuildConfiguration;
			buildSettings = {
				BUNDLE_LOADER = "$(TEST_HOST)";
				CODE_SIGN_STYLE = Automatic;
				CURRENT_PROJECT_VERSION = 1;
				DEVELOPMENT_TEAM = 72ZN9NBLSX;
				GENERATE_INFOPLIST_FILE = YES;
				IPHONEOS_DEPLOYMENT_TARGET = 18.1;
				MACOSX_DEPLOYMENT_TARGET = 14.7;
				MARKETING_VERSION = 1.0;
				PRODUCT_BUNDLE_IDENTIFIER = ywu.FocusBankTests;
				PRODUCT_NAME = "$(TARGET_NAME)";
				SDKROOT = auto;
				SUPPORTED_PLATFORMS = "iphoneos iphonesimulator macosx xros xrsimulator";
				SWIFT_EMIT_LOC_STRINGS = NO;
				SWIFT_VERSION = 5.0;
				TARGETED_DEVICE_FAMILY = "1,2,7";
				TEST_HOST = "$(BUILT_PRODUCTS_DIR)/FocusBank.app/$(BUNDLE_EXECUTABLE_FOLDER_PATH)/FocusBank";
				XROS_DEPLOYMENT_TARGET = 2.1;
			};
			name = Debug;
		};
		2F169C962CE4393B00A60E76 /* Release */ = {
			isa = XCBuildConfiguration;
			buildSettings = {
				BUNDLE_LOADER = "$(TEST_HOST)";
				CODE_SIGN_STYLE = Automatic;
				CURRENT_PROJECT_VERSION = 1;
				DEVELOPMENT_TEAM = 72ZN9NBLSX;
				GENERATE_INFOPLIST_FILE = YES;
				IPHONEOS_DEPLOYMENT_TARGET = 18.1;
				MACOSX_DEPLOYMENT_TARGET = 14.7;
				MARKETING_VERSION = 1.0;
				PRODUCT_BUNDLE_IDENTIFIER = ywu.FocusBankTests;
				PRODUCT_NAME = "$(TARGET_NAME)";
				SDKROOT = auto;
				SUPPORTED_PLATFORMS = "iphoneos iphonesimulator macosx xros xrsimulator";
				SWIFT_EMIT_LOC_STRINGS = NO;
				SWIFT_VERSION = 5.0;
				TARGETED_DEVICE_FAMILY = "1,2,7";
				TEST_HOST = "$(BUILT_PRODUCTS_DIR)/FocusBank.app/$(BUNDLE_EXECUTABLE_FOLDER_PATH)/FocusBank";
				XROS_DEPLOYMENT_TARGET = 2.1;
			};
			name = Release;
		};
		2F169C982CE4393B00A60E76 /* Debug */ = {
			isa = XCBuildConfiguration;
			buildSettings = {
				CODE_SIGN_STYLE = Automatic;
				CURRENT_PROJECT_VERSION = 1;
				DEVELOPMENT_TEAM = 72ZN9NBLSX;
				GENERATE_INFOPLIST_FILE = YES;
				IPHONEOS_DEPLOYMENT_TARGET = 18.1;
				MACOSX_DEPLOYMENT_TARGET = 14.7;
				MARKETING_VERSION = 1.0;
				PRODUCT_BUNDLE_IDENTIFIER = ywu.FocusBankUITests;
				PRODUCT_NAME = "$(TARGET_NAME)";
				SDKROOT = auto;
				SUPPORTED_PLATFORMS = "iphoneos iphonesimulator macosx xros xrsimulator";
				SWIFT_EMIT_LOC_STRINGS = NO;
				SWIFT_VERSION = 5.0;
				TARGETED_DEVICE_FAMILY = "1,2,7";
				TEST_TARGET_NAME = FocusBank;
				XROS_DEPLOYMENT_TARGET = 2.1;
			};
			name = Debug;
		};
		2F169C992CE4393B00A60E76 /* Release */ = {
			isa = XCBuildConfiguration;
			buildSettings = {
				CODE_SIGN_STYLE = Automatic;
				CURRENT_PROJECT_VERSION = 1;
				DEVELOPMENT_TEAM = 72ZN9NBLSX;
				GENERATE_INFOPLIST_FILE = YES;
				IPHONEOS_DEPLOYMENT_TARGET = 18.1;
				MACOSX_DEPLOYMENT_TARGET = 14.7;
				MARKETING_VERSION = 1.0;
				PRODUCT_BUNDLE_IDENTIFIER = ywu.FocusBankUITests;
				PRODUCT_NAME = "$(TARGET_NAME)";
				SDKROOT = auto;
				SUPPORTED_PLATFORMS = "iphoneos iphonesimulator macosx xros xrsimulator";
				SWIFT_EMIT_LOC_STRINGS = NO;
				SWIFT_VERSION = 5.0;
				TARGETED_DEVICE_FAMILY = "1,2,7";
				TEST_TARGET_NAME = FocusBank;
				XROS_DEPLOYMENT_TARGET = 2.1;
			};
			name = Release;
		};
/* End XCBuildConfiguration section */

/* Begin XCConfigurationList section */
		2F169C632CE4393700A60E76 /* Build configuration list for PBXProject "FocusBank" */ = {
			isa = XCConfigurationList;
			buildConfigurations = (
				2F169C922CE4393B00A60E76 /* Debug */,
				2F169C932CE4393B00A60E76 /* Release */,
			);
			defaultConfigurationIsVisible = 0;
			defaultConfigurationName = Release;
		};
		2F169C8F2CE4393B00A60E76 /* Build configuration list for PBXNativeTarget "FocusBank" */ = {
			isa = XCConfigurationList;
			buildConfigurations = (
				2F169C902CE4393B00A60E76 /* Debug */,
				2F169C912CE4393B00A60E76 /* Release */,
			);
			defaultConfigurationIsVisible = 0;
			defaultConfigurationName = Release;
		};
		2F169C942CE4393B00A60E76 /* Build configuration list for PBXNativeTarget "FocusBankTests" */ = {
			isa = XCConfigurationList;
			buildConfigurations = (
				2F169C952CE4393B00A60E76 /* Debug */,
				2F169C962CE4393B00A60E76 /* Release */,
			);
			defaultConfigurationIsVisible = 0;
			defaultConfigurationName = Release;
		};
		2F169C972CE4393B00A60E76 /* Build configuration list for PBXNativeTarget "FocusBankUITests" */ = {
			isa = XCConfigurationList;
			buildConfigurations = (
				2F169C982CE4393B00A60E76 /* Debug */,
				2F169C992CE4393B00A60E76 /* Release */,
			);
			defaultConfigurationIsVisible = 0;
			defaultConfigurationName = Release;
		};
/* End XCConfigurationList section */

/* Begin XCRemoteSwiftPackageReference section */
		2F169CA02CE44A8B00A60E76 /* XCRemoteSwiftPackageReference "firebase-ios-sdk" */ = {
			isa = XCRemoteSwiftPackageReference;
			repositoryURL = "https://github.com/firebase/firebase-ios-sdk";
			requirement = {
				kind = upToNextMajorVersion;
				minimumVersion = 11.5.0;
			};
		};
		2F2733AE2CF4310400B4A4F3 /* XCRemoteSwiftPackageReference "FLAnimatedImage" */ = {
			isa = XCRemoteSwiftPackageReference;
			repositoryURL = "https://github.com/Flipboard/FLAnimatedImage";
			requirement = {
				kind = upToNextMajorVersion;
				minimumVersion = 1.0.17;
			};
		};
		2F2733B12CF4317800B4A4F3 /* XCRemoteSwiftPackageReference "SDWebImageSwiftUI" */ = {
			isa = XCRemoteSwiftPackageReference;
			repositoryURL = "https://github.com/SDWebImage/SDWebImageSwiftUI";
			requirement = {
				kind = upToNextMajorVersion;
				minimumVersion = 3.1.3;
			};
		};
/* End XCRemoteSwiftPackageReference section */

/* Begin XCSwiftPackageProductDependency section */
		2F169CA52CE44A8B00A60E76 /* FirebaseAppCheck */ = {
			isa = XCSwiftPackageProductDependency;
			package = 2F169CA02CE44A8B00A60E76 /* XCRemoteSwiftPackageReference "firebase-ios-sdk" */;
			productName = FirebaseAppCheck;
		};
		2F169CA72CE44A8B00A60E76 /* FirebaseAppDistribution-Beta */ = {
			isa = XCSwiftPackageProductDependency;
			package = 2F169CA02CE44A8B00A60E76 /* XCRemoteSwiftPackageReference "firebase-ios-sdk" */;
			productName = "FirebaseAppDistribution-Beta";
		};
		2F2733AF2CF4310400B4A4F3 /* FLAnimatedImage */ = {
			isa = XCSwiftPackageProductDependency;
			package = 2F2733AE2CF4310400B4A4F3 /* XCRemoteSwiftPackageReference "FLAnimatedImage" */;
			productName = FLAnimatedImage;
		};
		2F2733B22CF4317800B4A4F3 /* SDWebImageSwiftUI */ = {
			isa = XCSwiftPackageProductDependency;
			package = 2F2733B12CF4317800B4A4F3 /* XCRemoteSwiftPackageReference "SDWebImageSwiftUI" */;
			productName = SDWebImageSwiftUI;
		};
		2FF8D86F2CED72BF006E8674 /* FirebaseAnalyticsWithoutAdIdSupport */ = {
			isa = XCSwiftPackageProductDependency;
			package = 2F169CA02CE44A8B00A60E76 /* XCRemoteSwiftPackageReference "firebase-ios-sdk" */;
			productName = FirebaseAnalyticsWithoutAdIdSupport;
		};
		2FF8D8712CED72D6006E8674 /* FirebaseAuth */ = {
			isa = XCSwiftPackageProductDependency;
			package = 2F169CA02CE44A8B00A60E76 /* XCRemoteSwiftPackageReference "firebase-ios-sdk" */;
			productName = FirebaseAuth;
		};
		2FF8D8772CED730A006E8674 /* FirebaseAnalytics */ = {
			isa = XCSwiftPackageProductDependency;
			package = 2F169CA02CE44A8B00A60E76 /* XCRemoteSwiftPackageReference "firebase-ios-sdk" */;
			productName = FirebaseAnalytics;
		};
		2FF8D8792CED730A006E8674 /* FirebaseAnalyticsOnDeviceConversion */ = {
			isa = XCSwiftPackageProductDependency;
			package = 2F169CA02CE44A8B00A60E76 /* XCRemoteSwiftPackageReference "firebase-ios-sdk" */;
			productName = FirebaseAnalyticsOnDeviceConversion;
		};
		2FF8D87B2CED730A006E8674 /* FirebaseAuthCombine-Community */ = {
			isa = XCSwiftPackageProductDependency;
			package = 2F169CA02CE44A8B00A60E76 /* XCRemoteSwiftPackageReference "firebase-ios-sdk" */;
			productName = "FirebaseAuthCombine-Community";
		};
		2FF8D87D2CED730A006E8674 /* FirebaseCore */ = {
			isa = XCSwiftPackageProductDependency;
			package = 2F169CA02CE44A8B00A60E76 /* XCRemoteSwiftPackageReference "firebase-ios-sdk" */;
			productName = FirebaseCore;
		};
		2FF8D87F2CED730A006E8674 /* FirebaseCrashlytics */ = {
			isa = XCSwiftPackageProductDependency;
			package = 2F169CA02CE44A8B00A60E76 /* XCRemoteSwiftPackageReference "firebase-ios-sdk" */;
			productName = FirebaseCrashlytics;
		};
		2FF8D8812CED730A006E8674 /* FirebaseDatabase */ = {
			isa = XCSwiftPackageProductDependency;
			package = 2F169CA02CE44A8B00A60E76 /* XCRemoteSwiftPackageReference "firebase-ios-sdk" */;
			productName = FirebaseDatabase;
		};
		2FF8D8832CED730A006E8674 /* FirebaseDynamicLinks */ = {
			isa = XCSwiftPackageProductDependency;
			package = 2F169CA02CE44A8B00A60E76 /* XCRemoteSwiftPackageReference "firebase-ios-sdk" */;
			productName = FirebaseDynamicLinks;
		};
		2FF8D8852CED730A006E8674 /* FirebaseFirestore */ = {
			isa = XCSwiftPackageProductDependency;
			package = 2F169CA02CE44A8B00A60E76 /* XCRemoteSwiftPackageReference "firebase-ios-sdk" */;
			productName = FirebaseFirestore;
		};
		2FF8D8872CED730A006E8674 /* FirebaseFirestoreCombine-Community */ = {
			isa = XCSwiftPackageProductDependency;
			package = 2F169CA02CE44A8B00A60E76 /* XCRemoteSwiftPackageReference "firebase-ios-sdk" */;
			productName = "FirebaseFirestoreCombine-Community";
		};
		2FF8D8892CED730A006E8674 /* FirebaseFunctions */ = {
			isa = XCSwiftPackageProductDependency;
			package = 2F169CA02CE44A8B00A60E76 /* XCRemoteSwiftPackageReference "firebase-ios-sdk" */;
			productName = FirebaseFunctions;
		};
		2FF8D88B2CED730A006E8674 /* FirebaseFunctionsCombine-Community */ = {
			isa = XCSwiftPackageProductDependency;
			package = 2F169CA02CE44A8B00A60E76 /* XCRemoteSwiftPackageReference "firebase-ios-sdk" */;
			productName = "FirebaseFunctionsCombine-Community";
		};
		2FF8D88D2CED730A006E8674 /* FirebaseInAppMessaging-Beta */ = {
			isa = XCSwiftPackageProductDependency;
			package = 2F169CA02CE44A8B00A60E76 /* XCRemoteSwiftPackageReference "firebase-ios-sdk" */;
			productName = "FirebaseInAppMessaging-Beta";
		};
		2FF8D88F2CED730A006E8674 /* FirebaseInstallations */ = {
			isa = XCSwiftPackageProductDependency;
			package = 2F169CA02CE44A8B00A60E76 /* XCRemoteSwiftPackageReference "firebase-ios-sdk" */;
			productName = FirebaseInstallations;
		};
		2FF8D8912CED730A006E8674 /* FirebaseMessaging */ = {
			isa = XCSwiftPackageProductDependency;
			package = 2F169CA02CE44A8B00A60E76 /* XCRemoteSwiftPackageReference "firebase-ios-sdk" */;
			productName = FirebaseMessaging;
		};
		2FF8D8932CED730A006E8674 /* FirebaseMLModelDownloader */ = {
			isa = XCSwiftPackageProductDependency;
			package = 2F169CA02CE44A8B00A60E76 /* XCRemoteSwiftPackageReference "firebase-ios-sdk" */;
			productName = FirebaseMLModelDownloader;
		};
		2FF8D8952CED730A006E8674 /* FirebasePerformance */ = {
			isa = XCSwiftPackageProductDependency;
			package = 2F169CA02CE44A8B00A60E76 /* XCRemoteSwiftPackageReference "firebase-ios-sdk" */;
			productName = FirebasePerformance;
		};
		2FF8D8972CED730A006E8674 /* FirebaseRemoteConfig */ = {
			isa = XCSwiftPackageProductDependency;
			package = 2F169CA02CE44A8B00A60E76 /* XCRemoteSwiftPackageReference "firebase-ios-sdk" */;
			productName = FirebaseRemoteConfig;
		};
		2FF8D8992CED730A006E8674 /* FirebaseStorage */ = {
			isa = XCSwiftPackageProductDependency;
			package = 2F169CA02CE44A8B00A60E76 /* XCRemoteSwiftPackageReference "firebase-ios-sdk" */;
			productName = FirebaseStorage;
		};
		2FF8D89B2CED730A006E8674 /* FirebaseStorageCombine-Community */ = {
			isa = XCSwiftPackageProductDependency;
			package = 2F169CA02CE44A8B00A60E76 /* XCRemoteSwiftPackageReference "firebase-ios-sdk" */;
			productName = "FirebaseStorageCombine-Community";
		};
		2FF8D89D2CED730A006E8674 /* FirebaseVertexAI */ = {
			isa = XCSwiftPackageProductDependency;
			package = 2F169CA02CE44A8B00A60E76 /* XCRemoteSwiftPackageReference "firebase-ios-sdk" */;
			productName = FirebaseVertexAI;
		};
/* End XCSwiftPackageProductDependency section */
	};
	rootObject = 2F169C602CE4393700A60E76 /* Project object */;
}
